
Microsoft Visual Studio Solution File, Format Version 12.00
# Visual Studio Version 17
VisualStudioVersion = 17.1.32328.378
MinimumVisualStudioVersion = 10.0.40219.1
Project("{FAE04EC0-301F-11D3-BF4B-00C04F79EFBC}") = "Async", "Async.csproj", "{629B72EA-A468-41CA-96A8-D1F06477FECA}"
EndProject
Global
	GlobalSection(SolutionConfigurationPlatforms) = preSolution
		Debug|Any CPU = Debug|Any CPU
		Release|Any CPU = Release|Any CPU
	EndGlobalSection
	GlobalSection(ProjectConfigurationPlatforms) = postSolution
		{629B72EA-A468-41CA-96A8-D1F06477FECA}.Debug|Any CPU.ActiveCfg = Debug|Any CPU
		{629B72EA-A468-41CA-96A8-D1F06477FECA}.Debug|Any CPU.Build.0 = Debug|Any CPU
		{629B72EA-A468-41CA-96A8-D1F06477FECA}.Release|Any CPU.ActiveCfg = Release|Any CPU
		{629B72EA-A468-41CA-96A8-D1F06477FECA}.Release|Any CPU.Build.0 = Release|Any CPU
	EndGlobalSection
	GlobalSection(SolutionProperties) = preSolution
		HideSolutionNode = FALSE
	EndGlobalSection
	GlobalSection(ExtensibilityGlobals) = postSolution
		SolutionGuid = {BBF43742-392F-4112-8182-A80A87315CC2}
	EndGlobalSection
EndGlobal
