
Microsoft Visual Studio Solution File, Format Version 12.00
# Visual Studio Version 17
VisualStudioVersion = 17.1.32328.378
MinimumVisualStudioVersion = 10.0.40219.1
Project("{FAE04EC0-301F-11D3-BF4B-00C04F79EFBC}") = "Exception Handling", "Exception Handling.csproj", "{69EB1B50-9124-4D8A-891F-A1D650303A0B}"
EndProject
Global
	GlobalSection(SolutionConfigurationPlatforms) = preSolution
		Debug|Any CPU = Debug|Any CPU
		Release|Any CPU = Release|Any CPU
	EndGlobalSection
	GlobalSection(ProjectConfigurationPlatforms) = postSolution
		{69EB1B50-9124-4D8A-891F-A1D650303A0B}.Debug|Any CPU.ActiveCfg = Debug|Any CPU
		{69EB1B50-9124-4D8A-891F-A1D650303A0B}.Debug|Any CPU.Build.0 = Debug|Any CPU
		{69EB1B50-9124-4D8A-891F-A1D650303A0B}.Release|Any CPU.ActiveCfg = Release|Any CPU
		{69EB1B50-9124-4D8A-891F-A1D650303A0B}.Release|Any CPU.Build.0 = Release|Any CPU
	EndGlobalSection
	GlobalSection(SolutionProperties) = preSolution
		HideSolutionNode = FALSE
	EndGlobalSection
	GlobalSection(ExtensibilityGlobals) = postSolution
		SolutionGuid = {20687A6D-34A8-424B-B3A9-8F1C233E413B}
	EndGlobalSection
EndGlobal
